// !$*UTF8*$!
{
	archiveVersion = 1;
	classes = {
	};
	objectVersion = 55;
	objects = {

/* Begin PBXBuildFile section */
		5217BB87288FD92800B7FE36 /* TabBarView.swift in Sources */ = {isa = PBXBuildFile; fileRef = 5217BB86288FD92800B7FE36 /* TabBarView.swift */; };
		5217BB89288FE40300B7FE36 /* AppStateManager.swift in Sources */ = {isa = PBXBuildFile; fileRef = 5217BB88288FE40300B7FE36 /* AppStateManager.swift */; };
		5217BB8B288FE95100B7FE36 /* AppleView.swift in Sources */ = {isa = PBXBuildFile; fileRef = 5217BB8A288FE95100B7FE36 /* AppleView.swift */; };
		5217BB8D288FE96700B7FE36 /* QuizView.swift in Sources */ = {isa = PBXBuildFile; fileRef = 5217BB8C288FE96700B7FE36 /* QuizView.swift */; };
		5217BB8F288FE97200B7FE36 /* AchievementView.swift in Sources */ = {isa = PBXBuildFile; fileRef = 5217BB8E288FE97200B7FE36 /* AchievementView.swift */; };
		52514751288E82B9008D2638 /* nano_2_FionaApp.swift in Sources */ = {isa = PBXBuildFile; fileRef = 52514750288E82B9008D2638 /* nano_2_FionaApp.swift */; };
		52514753288E82B9008D2638 /* ContentView.swift in Sources */ = {isa = PBXBuildFile; fileRef = 52514752288E82B9008D2638 /* ContentView.swift */; };
		52514755288E82BB008D2638 /* Assets.xcassets in Resources */ = {isa = PBXBuildFile; fileRef = 52514754288E82BB008D2638 /* Assets.xcassets */; };
		52514758288E82BB008D2638 /* Preview Assets.xcassets in Resources */ = {isa = PBXBuildFile; fileRef = 52514757288E82BB008D2638 /* Preview Assets.xcassets */; };
		5251475F288E9FBC008D2638 /* SplashScreen.swift in Sources */ = {isa = PBXBuildFile; fileRef = 5251475E288E9FBC008D2638 /* SplashScreen.swift */; };
		52514761288EA1CC008D2638 /* OnBoarding.swift in Sources */ = {isa = PBXBuildFile; fileRef = 52514760288EA1CC008D2638 /* OnBoarding.swift */; };
		52514765288EB892008D2638 /* LearnAppleiOSUI.swift in Sources */ = {isa = PBXBuildFile; fileRef = 52514764288EB892008D2638 /* LearnAppleiOSUI.swift */; };
		52514767288EBD08008D2638 /* results.swift in Sources */ = {isa = PBXBuildFile; fileRef = 52514766288EBD08008D2638 /* results.swift */; };
/* End PBXBuildFile section */

/* Begin PBXFileReference section */
		5217BB86288FD92800B7FE36 /* TabBarView.swift */ = {isa = PBXFileReference; lastKnownFileType = sourcecode.swift; path = TabBarView.swift; sourceTree = "<group>"; };
		5217BB88288FE40300B7FE36 /* AppStateManager.swift */ = {isa = PBXFileReference; lastKnownFileType = sourcecode.swift; path = AppStateManager.swift; sourceTree = "<group>"; };
		5217BB8A288FE95100B7FE36 /* AppleView.swift */ = {isa = PBXFileReference; lastKnownFileType = sourcecode.swift; path = AppleView.swift; sourceTree = "<group>"; };
		5217BB8C288FE96700B7FE36 /* QuizView.swift */ = {isa = PBXFileReference; lastKnownFileType = sourcecode.swift; path = QuizView.swift; sourceTree = "<group>"; };
		5217BB8E288FE97200B7FE36 /* AchievementView.swift */ = {isa = PBXFileReference; lastKnownFileType = sourcecode.swift; path = AchievementView.swift; sourceTree = "<group>"; };
		5251474D288E82B9008D2638 /* nano 2 Fiona.app */ = {isa = PBXFileReference; explicitFileType = wrapper.application; includeInIndex = 0; path = "nano 2 Fiona.app"; sourceTree = BUILT_PRODUCTS_DIR; };
		52514750288E82B9008D2638 /* nano_2_FionaApp.swift */ = {isa = PBXFileReference; lastKnownFileType = sourcecode.swift; path = nano_2_FionaApp.swift; sourceTree = "<group>"; };
		52514752288E82B9008D2638 /* ContentView.swift */ = {isa = PBXFileReference; lastKnownFileType = sourcecode.swift; path = ContentView.swift; sourceTree = "<group>"; };
		52514754288E82BB008D2638 /* Assets.xcassets */ = {isa = PBXFileReference; lastKnownFileType = folder.assetcatalog; path = Assets.xcassets; sourceTree = "<group>"; };
		52514757288E82BB008D2638 /* Preview Assets.xcassets */ = {isa = PBXFileReference; lastKnownFileType = folder.assetcatalog; path = "Preview Assets.xcassets"; sourceTree = "<group>"; };
		5251475E288E9FBC008D2638 /* SplashScreen.swift */ = {isa = PBXFileReference; lastKnownFileType = sourcecode.swift; path = SplashScreen.swift; sourceTree = "<group>"; };
		52514760288EA1CC008D2638 /* OnBoarding.swift */ = {isa = PBXFileReference; lastKnownFileType = sourcecode.swift; path = OnBoarding.swift; sourceTree = "<group>"; };
		52514764288EB892008D2638 /* LearnAppleiOSUI.swift */ = {isa = PBXFileReference; lastKnownFileType = sourcecode.swift; path = LearnAppleiOSUI.swift; sourceTree = "<group>"; };
		52514766288EBD08008D2638 /* results.swift */ = {isa = PBXFileReference; lastKnownFileType = sourcecode.swift; path = results.swift; sourceTree = "<group>"; };
/* End PBXFileReference section */

/* Begin PBXFrameworksBuildPhase section */
		5251474A288E82B9008D2638 /* Frameworks */ = {
			isa = PBXFrameworksBuildPhase;
			buildActionMask = 2147483647;
			files = (
			);
			runOnlyForDeploymentPostprocessing = 0;
		};
/* End PBXFrameworksBuildPhase section */

/* Begin PBXGroup section */
		52514744288E82B9008D2638 = {
			isa = PBXGroup;
			children = (
				5251474F288E82B9008D2638 /* nano 2 Fiona */,
				5251474E288E82B9008D2638 /* Products */,
			);
			sourceTree = "<group>";
		};
		5251474E288E82B9008D2638 /* Products */ = {
			isa = PBXGroup;
			children = (
				5251474D288E82B9008D2638 /* nano 2 Fiona.app */,
			);
			name = Products;
			sourceTree = "<group>";
		};
		5251474F288E82B9008D2638 /* nano 2 Fiona */ = {
			isa = PBXGroup;
			children = (
				52514750288E82B9008D2638 /* nano_2_FionaApp.swift */,
				52514752288E82B9008D2638 /* ContentView.swift */,
				52514754288E82BB008D2638 /* Assets.xcassets */,
				52514756288E82BB008D2638 /* Preview Content */,
				5251475E288E9FBC008D2638 /* SplashScreen.swift */,
				52514760288EA1CC008D2638 /* OnBoarding.swift */,
				52514764288EB892008D2638 /* LearnAppleiOSUI.swift */,
				52514766288EBD08008D2638 /* results.swift */,
				5217BB86288FD92800B7FE36 /* TabBarView.swift */,
				5217BB8A288FE95100B7FE36 /* AppleView.swift */,
				5217BB8C288FE96700B7FE36 /* QuizView.swift */,
				5217BB8E288FE97200B7FE36 /* AchievementView.swift */,
				5217BB88288FE40300B7FE36 /* AppStateManager.swift */,
			);
			path = "nano 2 Fiona";
			sourceTree = "<group>";
		};
		52514756288E82BB008D2638 /* Preview Content */ = {
			isa = PBXGroup;
			children = (
				52514757288E82BB008D2638 /* Preview Assets.xcassets */,
			);
			path = "Preview Content";
			sourceTree = "<group>";
		};
/* End PBXGroup section */

/* Begin PBXNativeTarget section */
		5251474C288E82B9008D2638 /* nano 2 Fiona */ = {
			isa = PBXNativeTarget;
			buildConfigurationList = 5251475B288E82BB008D2638 /* Build configuration list for PBXNativeTarget "nano 2 Fiona" */;
			buildPhases = (
				52514749288E82B9008D2638 /* Sources */,
				5251474A288E82B9008D2638 /* Frameworks */,
				5251474B288E82B9008D2638 /* Resources */,
			);
			buildRules = (
			);
			dependencies = (
			);
			name = "nano 2 Fiona";
			productName = "nano 2 Fiona";
			productReference = 5251474D288E82B9008D2638 /* nano 2 Fiona.app */;
			productType = "com.apple.product-type.application";
		};
/* End PBXNativeTarget section */

/* Begin PBXProject section */
		52514745288E82B9008D2638 /* Project object */ = {
			isa = PBXProject;
			attributes = {
				BuildIndependentTargetsInParallel = 1;
				LastSwiftUpdateCheck = 1340;
				LastUpgradeCheck = 1340;
				TargetAttributes = {
					5251474C288E82B9008D2638 = {
						CreatedOnToolsVersion = 13.4.1;
					};
				};
			};
			buildConfigurationList = 52514748288E82B9008D2638 /* Build configuration list for PBXProject "nano 2 Fiona" */;
			compatibilityVersion = "Xcode 13.0";
			developmentRegion = en;
			hasScannedForEncodings = 0;
			knownRegions = (
				en,
				Base,
			);
			mainGroup = 52514744288E82B9008D2638;
			productRefGroup = 5251474E288E82B9008D2638 /* Products */;
			projectDirPath = "";
			projectRoot = "";
			targets = (
				5251474C288E82B9008D2638 /* nano 2 Fiona */,
			);
		};
/* End PBXProject section */

/* Begin PBXResourcesBuildPhase section */
		5251474B288E82B9008D2638 /* Resources */ = {
			isa = PBXResourcesBuildPhase;
			buildActionMask = 2147483647;
			files = (
				52514758288E82BB008D2638 /* Preview Assets.xcassets in Resources */,
				52514755288E82BB008D2638 /* Assets.xcassets in Resources */,
			);
			runOnlyForDeploymentPostprocessing = 0;
		};
/* End PBXResourcesBuildPhase section */

/* Begin PBXSourcesBuildPhase section */
		52514749288E82B9008D2638 /* Sources */ = {
			isa = PBXSourcesBuildPhase;
			buildActionMask = 2147483647;
			files = (
				5251475F288E9FBC008D2638 /* SplashScreen.swift in Sources */,
				52514753288E82B9008D2638 /* ContentView.swift in Sources */,
				5217BB8D288FE96700B7FE36 /* QuizView.swift in Sources */,
				5217BB87288FD92800B7FE36 /* TabBarView.swift in Sources */,
				5217BB8F288FE97200B7FE36 /* AchievementView.swift in Sources */,
				52514767288EBD08008D2638 /* results.swift in Sources */,
				52514761288EA1CC008D2638 /* OnBoarding.swift in Sources */,
				52514751288E82B9008D2638 /* nano_2_FionaApp.swift in Sources */,
				5217BB8B288FE95100B7FE36 /* AppleView.swift in Sources */,
				5217BB89288FE40300B7FE36 /* AppStateManager.swift in Sources */,
				52514765288EB892008D2638 /* LearnAppleiOSUI.swift in Sources */,
			);
			runOnlyForDeploymentPostprocessing = 0;
		};
/* End PBXSourcesBuildPhase section */

/* Begin XCBuildConfiguration section */
		52514759288E82BB008D2638 /* Debug */ = {
			isa = XCBuildConfiguration;
			buildSettings = {
				ALWAYS_SEARCH_USER_PATHS = NO;
				CLANG_ANALYZER_NONNULL = YES;
				CLANG_ANALYZER_NUMBER_OBJECT_CONVERSION = YES_AGGRESSIVE;
				CLANG_CXX_LANGUAGE_STANDARD = "gnu++17";
				CLANG_ENABLE_MODULES = YES;
				CLANG_ENABLE_OBJC_ARC = YES;
				CLANG_ENABLE_OBJC_WEAK = YES;
				CLANG_WARN_BLOCK_CAPTURE_AUTORELEASING = YES;
				CLANG_WARN_BOOL_CONVERSION = YES;
				CLANG_WARN_COMMA = YES;
				CLANG_WARN_CONSTANT_CONVERSION = YES;
				CLANG_WARN_DEPRECATED_OBJC_IMPLEMENTATIONS = YES;
				CLANG_WARN_DIRECT_OBJC_ISA_USAGE = YES_ERROR;
				CLANG_WARN_DOCUMENTATION_COMMENTS = YES;
				CLANG_WARN_EMPTY_BODY = YES;
				CLANG_WARN_ENUM_CONVERSION = YES;
				CLANG_WARN_INFINITE_RECURSION = YES;
				CLANG_WARN_INT_CONVERSION = YES;
				CLANG_WARN_NON_LITERAL_NULL_CONVERSION = YES;
				CLANG_WARN_OBJC_IMPLICIT_RETAIN_SELF = YES;
				CLANG_WARN_OBJC_LITERAL_CONVERSION = YES;
				CLANG_WARN_OBJC_ROOT_CLASS = YES_ERROR;
				CLANG_WARN_QUOTED_INCLUDE_IN_FRAMEWORK_HEADER = YES;
				CLANG_WARN_RANGE_LOOP_ANALYSIS = YES;
				CLANG_WARN_STRICT_PROTOTYPES = YES;
				CLANG_WARN_SUSPICIOUS_MOVE = YES;
				CLANG_WARN_UNGUARDED_AVAILABILITY = YES_AGGRESSIVE;
				CLANG_WARN_UNREACHABLE_CODE = YES;
				CLANG_WARN__DUPLICATE_METHOD_MATCH = YES;
				COPY_PHASE_STRIP = NO;
				DEBUG_INFORMATION_FORMAT = dwarf;
				ENABLE_STRICT_OBJC_MSGSEND = YES;
				ENABLE_TESTABILITY = YES;
				GCC_C_LANGUAGE_STANDARD = gnu11;
				GCC_DYNAMIC_NO_PIC = NO;
				GCC_NO_COMMON_BLOCKS = YES;
				GCC_OPTIMIZATION_LEVEL = 0;
				GCC_PREPROCESSOR_DEFINITIONS = (
					"DEBUG=1",
					"$(inherited)",
				);
				GCC_WARN_64_TO_32_BIT_CONVERSION = YES;
				GCC_WARN_ABOUT_RETURN_TYPE = YES_ERROR;
				GCC_WARN_UNDECLARED_SELECTOR = YES;
				GCC_WARN_UNINITIALIZED_AUTOS = YES_AGGRESSIVE;
				GCC_WARN_UNUSED_FUNCTION = YES;
				GCC_WARN_UNUSED_VARIABLE = YES;
				IPHONEOS_DEPLOYMENT_TARGET = 15.5;
				MTL_ENABLE_DEBUG_INFO = INCLUDE_SOURCE;
				MTL_FAST_MATH = YES;
				ONLY_ACTIVE_ARCH = YES;
				SDKROOT = iphoneos;
				SWIFT_ACTIVE_COMPILATION_CONDITIONS = DEBUG;
				SWIFT_OPTIMIZATION_LEVEL = "-Onone";
			};
			name = Debug;
		};
		5251475A288E82BB008D2638 /* Release */ = {
			isa = XCBuildConfiguration;
			buildSettings = {
				ALWAYS_SEARCH_USER_PATHS = NO;
				CLANG_ANALYZER_NONNULL = YES;
				CLANG_ANALYZER_NUMBER_OBJECT_CONVERSION = YES_AGGRESSIVE;
				CLANG_CXX_LANGUAGE_STANDARD = "gnu++17";
				CLANG_ENABLE_MODULES = YES;
				CLANG_ENABLE_OBJC_ARC = YES;
				CLANG_ENABLE_OBJC_WEAK = YES;
				CLANG_WARN_BLOCK_CAPTURE_AUTORELEASING = YES;
				CLANG_WARN_BOOL_CONVERSION = YES;
				CLANG_WARN_COMMA = YES;
				CLANG_WARN_CONSTANT_CONVERSION = YES;
				CLANG_WARN_DEPRECATED_OBJC_IMPLEMENTATIONS = YES;
				CLANG_WARN_DIRECT_OBJC_ISA_USAGE = YES_ERROR;
				CLANG_WARN_DOCUMENTATION_COMMENTS = YES;
				CLANG_WARN_EMPTY_BODY = YES;
				CLANG_WARN_ENUM_CONVERSION = YES;
				CLANG_WARN_INFINITE_RECURSION = YES;
				CLANG_WARN_INT_CONVERSION = YES;
				CLANG_WARN_NON_LITERAL_NULL_CONVERSION = YES;
				CLANG_WARN_OBJC_IMPLICIT_RETAIN_SELF = YES;
				CLANG_WARN_OBJC_LITERAL_CONVERSION = YES;
				CLANG_WARN_OBJC_ROOT_CLASS = YES_ERROR;
				CLANG_WARN_QUOTED_INCLUDE_IN_FRAMEWORK_HEADER = YES;
				CLANG_WARN_RANGE_LOOP_ANALYSIS = YES;
				CLANG_WARN_STRICT_PROTOTYPES = YES;
				CLANG_WARN_SUSPICIOUS_MOVE = YES;
				CLANG_WARN_UNGUARDED_AVAILABILITY = YES_AGGRESSIVE;
				CLANG_WARN_UNREACHABLE_CODE = YES;
				CLANG_WARN__DUPLICATE_METHOD_MATCH = YES;
				COPY_PHASE_STRIP = NO;
				DEBUG_INFORMATION_FORMAT = "dwarf-with-dsym";
				ENABLE_NS_ASSERTIONS = NO;
				ENABLE_STRICT_OBJC_MSGSEND = YES;
				GCC_C_LANGUAGE_STANDARD = gnu11;
				GCC_NO_COMMON_BLOCKS = YES;
				GCC_WARN_64_TO_32_BIT_CONVERSION = YES;
				GCC_WARN_ABOUT_RETURN_TYPE = YES_ERROR;
				GCC_WARN_UNDECLARED_SELECTOR = YES;
				GCC_WARN_UNINITIALIZED_AUTOS = YES_AGGRESSIVE;
				GCC_WARN_UNUSED_FUNCTION = YES;
				GCC_WARN_UNUSED_VARIABLE = YES;
				IPHONEOS_DEPLOYMENT_TARGET = 15.5;
				MTL_ENABLE_DEBUG_INFO = NO;
				MTL_FAST_MATH = YES;
				SDKROOT = iphoneos;
				SWIFT_COMPILATION_MODE = wholemodule;
				SWIFT_OPTIMIZATION_LEVEL = "-O";
				VALIDATE_PRODUCT = YES;
			};
			name = Release;
		};
		5251475C288E82BB008D2638 /* Debug */ = {
			isa = XCBuildConfiguration;
			buildSettings = {
				ASSETCATALOG_COMPILER_APPICON_NAME = AppIcon;
				ASSETCATALOG_COMPILER_GLOBAL_ACCENT_COLOR_NAME = AccentColor;
				CODE_SIGN_STYLE = Automatic;
				CURRENT_PROJECT_VERSION = 1;
				DEVELOPMENT_ASSET_PATHS = "\"nano 2 Fiona/Preview Content\"";
				ENABLE_PREVIEWS = YES;
				GENERATE_INFOPLIST_FILE = YES;
				INFOPLIST_KEY_UIApplicationSceneManifest_Generation = YES;
				INFOPLIST_KEY_UIApplicationSupportsIndirectInputEvents = YES;
				INFOPLIST_KEY_UILaunchScreen_Generation = YES;
				INFOPLIST_KEY_UISupportedInterfaceOrientations_iPad = "UIInterfaceOrientationPortrait UIInterfaceOrientationPortraitUpsideDown UIInterfaceOrientationLandscapeLeft UIInterfaceOrientationLandscapeRight";
				INFOPLIST_KEY_UISupportedInterfaceOrientations_iPhone = "UIInterfaceOrientationPortrait UIInterfaceOrientationLandscapeLeft UIInterfaceOrientationLandscapeRight";
				LD_RUNPATH_SEARCH_PATHS = (
					"$(inherited)",
					"@executable_path/Frameworks",
				);
				MARKETING_VERSION = 1.0;
				PRODUCT_BUNDLE_IDENTIFIER = "Fiona.nano-2-Fiona";
				PRODUCT_NAME = "$(TARGET_NAME)";
				SWIFT_EMIT_LOC_STRINGS = YES;
				SWIFT_VERSION = 5.0;
				TARGETED_DEVICE_FAMILY = "1,2";
			};
			name = Debug;
		};
		5251475D288E82BB008D2638 /* Release */ = {
			isa = XCBuildConfiguration;
			buildSettings = {
				ASSETCATALOG_COMPILER_APPICON_NAME = AppIcon;
				ASSETCATALOG_COMPILER_GLOBAL_ACCENT_COLOR_NAME = AccentColor;
				CODE_SIGN_STYLE = Automatic;
				CURRENT_PROJECT_VERSION = 1;
				DEVELOPMENT_ASSET_PATHS = "\"nano 2 Fiona/Preview Content\"";
				ENABLE_PREVIEWS = YES;
				GENERATE_INFOPLIST_FILE = YES;
				INFOPLIST_KEY_UIApplicationSceneManifest_Generation = YES;
				INFOPLIST_KEY_UIApplicationSupportsIndirectInputEvents = YES;
				INFOPLIST_KEY_UILaunchScreen_Generation = YES;
				INFOPLIST_KEY_UISupportedInterfaceOrientations_iPad = "UIInterfaceOrientationPortrait UIInterfaceOrientationPortraitUpsideDown UIInterfaceOrientationLandscapeLeft UIInterfaceOrientationLandscapeRight";
				INFOPLIST_KEY_UISupportedInterfaceOrientations_iPhone = "UIInterfaceOrientationPortrait UIInterfaceOrientationLandscapeLeft UIInterfaceOrientationLandscapeRight";
				LD_RUNPATH_SEARCH_PATHS = (
					"$(inherited)",
					"@executable_path/Frameworks",
				);
				MARKETING_VERSION = 1.0;
				PRODUCT_BUNDLE_IDENTIFIER = "Fiona.nano-2-Fiona";
				PRODUCT_NAME = "$(TARGET_NAME)";
				SWIFT_EMIT_LOC_STRINGS = YES;
				SWIFT_VERSION = 5.0;
				TARGETED_DEVICE_FAMILY = "1,2";
			};
			name = Release;
		};
/* End XCBuildConfiguration section */

/* Begin XCConfigurationList section */
		52514748288E82B9008D2638 /* Build configuration list for PBXProject "nano 2 Fiona" */ = {
			isa = XCConfigurationList;
			buildConfigurations = (
				52514759288E82BB008D2638 /* Debug */,
				5251475A288E82BB008D2638 /* Release */,
			);
			defaultConfigurationIsVisible = 0;
			defaultConfigurationName = Release;
		};
		5251475B288E82BB008D2638 /* Build configuration list for PBXNativeTarget "nano 2 Fiona" */ = {
			isa = XCConfigurationList;
			buildConfigurations = (
				5251475C288E82BB008D2638 /* Debug */,
				5251475D288E82BB008D2638 /* Release */,
			);
			defaultConfigurationIsVisible = 0;
			defaultConfigurationName = Release;
		};
/* End XCConfigurationList section */
	};
	rootObject = 52514745288E82B9008D2638 /* Project object */;
}
